
Microsoft Visual Studio Solution File, Format Version 12.00
# Visual Studio 15
VisualStudioVersion = 15.0.27703.2026
MinimumVisualStudioVersion = 10.0.40219.1
Project("{FAE04EC0-301F-11D3-BF4B-00C04F79EFBC}") = "Backend", "Backend\Backend.csproj", "{52302889-3761-4624-A0C1-BCDDB74F20FA}"
EndProject
Global
	GlobalSection(SolutionConfigurationPlatforms) = preSolution
		Debug|Any CPU = Debug|Any CPU
		Release|Any CPU = Release|Any CPU
	EndGlobalSection
	GlobalSection(ProjectConfigurationPlatforms) = postSolution
		{52302889-3761-4624-A0C1-BCDDB74F20FA}.Debug|Any CPU.ActiveCfg = Debug|Any CPU
		{52302889-3761-4624-A0C1-BCDDB74F20FA}.Debug|Any CPU.Build.0 = Debug|Any CPU
		{52302889-3761-4624-A0C1-BCDDB74F20FA}.Release|Any CPU.ActiveCfg = Release|Any CPU
		{52302889-3761-4624-A0C1-BCDDB74F20FA}.Release|Any CPU.Build.0 = Release|Any CPU
	EndGlobalSection
	GlobalSection(SolutionProperties) = preSolution
		HideSolutionNode = FALSE
	EndGlobalSection
	GlobalSection(ExtensibilityGlobals) = postSolution
		SolutionGuid = {CFDB299F-3DB3-4BFB-8D08-EC4F0EE847CC}
	EndGlobalSection
EndGlobal
