
Microsoft Visual Studio Solution File, Format Version 12.00
# Visual Studio 15
VisualStudioVersion = 15.0.27703.2026
MinimumVisualStudioVersion = 10.0.40219.1
Project("{FAE04EC0-301F-11D3-BF4B-00C04F79EFBC}") = "WebApiExample", "WebApiExample\WebApiExample.csproj", "{EC7D4168-3A30-4888-BA6A-BAA584FA3A9A}"
EndProject
Global
	GlobalSection(SolutionConfigurationPlatforms) = preSolution
		Debug|Any CPU = Debug|Any CPU
		Release|Any CPU = Release|Any CPU
	EndGlobalSection
	GlobalSection(ProjectConfigurationPlatforms) = postSolution
		{EC7D4168-3A30-4888-BA6A-BAA584FA3A9A}.Debug|Any CPU.ActiveCfg = Debug|Any CPU
		{EC7D4168-3A30-4888-BA6A-BAA584FA3A9A}.Debug|Any CPU.Build.0 = Debug|Any CPU
		{EC7D4168-3A30-4888-BA6A-BAA584FA3A9A}.Release|Any CPU.ActiveCfg = Release|Any CPU
		{EC7D4168-3A30-4888-BA6A-BAA584FA3A9A}.Release|Any CPU.Build.0 = Release|Any CPU
	EndGlobalSection
	GlobalSection(SolutionProperties) = preSolution
		HideSolutionNode = FALSE
	EndGlobalSection
	GlobalSection(ExtensibilityGlobals) = postSolution
		SolutionGuid = {4155C8AF-6CF5-4750-9C50-66A40EF38BDC}
	EndGlobalSection
EndGlobal
